
Microsoft Visual Studio Solution File, Format Version 12.00
# Visual Studio Version 17
VisualStudioVersion = 17.7.34024.191
MinimumVisualStudioVersion = 10.0.40219.1
Project("{888888A0-9F3D-457C-B088-3A5042F75D52}") = "caminos", "caminos\caminos.pyproj", "{7FCB2D4A-80AB-4CB7-AE19-61CCBC73DE4A}"
EndProject
Global
	GlobalSection(SolutionConfigurationPlatforms) = preSolution
		Debug|Any CPU = Debug|Any CPU
		Release|Any CPU = Release|Any CPU
	EndGlobalSection
	GlobalSection(ProjectConfigurationPlatforms) = postSolution
		{7FCB2D4A-80AB-4CB7-AE19-61CCBC73DE4A}.Debug|Any CPU.ActiveCfg = Debug|Any CPU
		{7FCB2D4A-80AB-4CB7-AE19-61CCBC73DE4A}.Release|Any CPU.ActiveCfg = Release|Any CPU
	EndGlobalSection
	GlobalSection(SolutionProperties) = preSolution
		HideSolutionNode = FALSE
	EndGlobalSection
	GlobalSection(ExtensibilityGlobals) = postSolution
		SolutionGuid = {70032DF5-66CA-41EA-A254-327E9EE0EBA1}
	EndGlobalSection
EndGlobal
